{
    "name": "mia-screen",
    "version": "1.0.0",
    "lockfileVersion": 1,
    "requires": true,
    "dependencies": {
        "echarts-liquidfill": {
            "version": "2.0.4",
            "resolved": "http://registry.npm.taobao.org/echarts-liquidfill/download/echarts-liquidfill-2.0.4.tgz",
            "integrity": "sha1-bPnrVwFwcNoGQUlPIrj0RuQhrDE="
        }
    }
}
